
Microsoft Visual Studio Solution File, Format Version 12.00
# Visual Studio Version 16
VisualStudioVersion = 16.0.31205.134
MinimumVisualStudioVersion = 10.0.40219.1
Project("{FAE04EC0-301F-11D3-BF4B-00C04F79EFBC}") = "vize_odevi_NTP", "vize_odevi_NTP\vize_odevi_NTP.csproj", "{31F7FEF3-93EE-4D66-AA77-28E42891E484}"
EndProject
Global
	GlobalSection(SolutionConfigurationPlatforms) = preSolution
		Debug|Any CPU = Debug|Any CPU
		Release|Any CPU = Release|Any CPU
	EndGlobalSection
	GlobalSection(ProjectConfigurationPlatforms) = postSolution
		{31F7FEF3-93EE-4D66-AA77-28E42891E484}.Debug|Any CPU.ActiveCfg = Debug|Any CPU
		{31F7FEF3-93EE-4D66-AA77-28E42891E484}.Debug|Any CPU.Build.0 = Debug|Any CPU
		{31F7FEF3-93EE-4D66-AA77-28E42891E484}.Release|Any CPU.ActiveCfg = Release|Any CPU
		{31F7FEF3-93EE-4D66-AA77-28E42891E484}.Release|Any CPU.Build.0 = Release|Any CPU
	EndGlobalSection
	GlobalSection(SolutionProperties) = preSolution
		HideSolutionNode = FALSE
	EndGlobalSection
	GlobalSection(ExtensibilityGlobals) = postSolution
		SolutionGuid = {ACC78AD1-5DA8-491D-904D-5B8356C518F8}
	EndGlobalSection
EndGlobal
